// !$*UTF8*$!
{
	archiveVersion = 1;
	classes = {
	};
	objectVersion = 46;
	objects = {

/* Begin PBXBuildFile section */
		DC1E7A2D19A67A80007F6F8A /* PlayerDetailsViewController.m in Sources */ = {isa = PBXBuildFile; fileRef = DC1E7A2C19A67A80007F6F8A /* PlayerDetailsViewController.m */; };
		DC206C9319A52E2600E92841 /* 1Star.png in Resources */ = {isa = PBXBuildFile; fileRef = DC206C7B19A52E2600E92841 /* 1Star.png */; };
		DC206C9419A52E2600E92841 /* 1Star@2x.png in Resources */ = {isa = PBXBuildFile; fileRef = DC206C7C19A52E2600E92841 /* 1Star@2x.png */; };
		DC206C9519A52E2600E92841 /* 1StarSmall.png in Resources */ = {isa = PBXBuildFile; fileRef = DC206C7D19A52E2600E92841 /* 1StarSmall.png */; };
		DC206C9619A52E2600E92841 /* 1StarSmall@2x.png in Resources */ = {isa = PBXBuildFile; fileRef = DC206C7E19A52E2600E92841 /* 1StarSmall@2x.png */; };
		DC206C9719A52E2600E92841 /* 2Stars.png in Resources */ = {isa = PBXBuildFile; fileRef = DC206C7F19A52E2600E92841 /* 2Stars.png */; };
		DC206C9819A52E2600E92841 /* 2Stars@2x.png in Resources */ = {isa = PBXBuildFile; fileRef = DC206C8019A52E2600E92841 /* 2Stars@2x.png */; };
		DC206C9919A52E2600E92841 /* 2StarsSmall.png in Resources */ = {isa = PBXBuildFile; fileRef = DC206C8119A52E2600E92841 /* 2StarsSmall.png */; };
		DC206C9A19A52E2600E92841 /* 2StarsSmall@2x.png in Resources */ = {isa = PBXBuildFile; fileRef = DC206C8219A52E2600E92841 /* 2StarsSmall@2x.png */; };
		DC206C9B19A52E2600E92841 /* 3Stars.png in Resources */ = {isa = PBXBuildFile; fileRef = DC206C8319A52E2600E92841 /* 3Stars.png */; };
		DC206C9C19A52E2600E92841 /* 3Stars@2x.png in Resources */ = {isa = PBXBuildFile; fileRef = DC206C8419A52E2600E92841 /* 3Stars@2x.png */; };
		DC206C9D19A52E2600E92841 /* 3StarsSmall.png in Resources */ = {isa = PBXBuildFile; fileRef = DC206C8519A52E2600E92841 /* 3StarsSmall.png */; };
		DC206C9E19A52E2600E92841 /* 3StarsSmall@2x.png in Resources */ = {isa = PBXBuildFile; fileRef = DC206C8619A52E2600E92841 /* 3StarsSmall@2x.png */; };
		DC206C9F19A52E2600E92841 /* 4Stars.png in Resources */ = {isa = PBXBuildFile; fileRef = DC206C8719A52E2600E92841 /* 4Stars.png */; };
		DC206CA019A52E2600E92841 /* 4Stars@2x.png in Resources */ = {isa = PBXBuildFile; fileRef = DC206C8819A52E2600E92841 /* 4Stars@2x.png */; };
		DC206CA119A52E2600E92841 /* 4StarsSmall.png in Resources */ = {isa = PBXBuildFile; fileRef = DC206C8919A52E2600E92841 /* 4StarsSmall.png */; };
		DC206CA219A52E2600E92841 /* 4StarsSmall@2x.png in Resources */ = {isa = PBXBuildFile; fileRef = DC206C8A19A52E2600E92841 /* 4StarsSmall@2x.png */; };
		DC206CA319A52E2600E92841 /* 5Stars.png in Resources */ = {isa = PBXBuildFile; fileRef = DC206C8B19A52E2600E92841 /* 5Stars.png */; };
		DC206CA419A52E2600E92841 /* 5Stars@2x.png in Resources */ = {isa = PBXBuildFile; fileRef = DC206C8C19A52E2600E92841 /* 5Stars@2x.png */; };
		DC206CA519A52E2600E92841 /* 5StarsSmall.png in Resources */ = {isa = PBXBuildFile; fileRef = DC206C8D19A52E2600E92841 /* 5StarsSmall.png */; };
		DC206CA619A52E2600E92841 /* 5StarsSmall@2x.png in Resources */ = {isa = PBXBuildFile; fileRef = DC206C8E19A52E2600E92841 /* 5StarsSmall@2x.png */; };
		DC206CA719A52E2600E92841 /* Gestures.png in Resources */ = {isa = PBXBuildFile; fileRef = DC206C8F19A52E2600E92841 /* Gestures.png */; };
		DC206CA819A52E2600E92841 /* Gestures@2x.png in Resources */ = {isa = PBXBuildFile; fileRef = DC206C9019A52E2600E92841 /* Gestures@2x.png */; };
		DC206CA919A52E2600E92841 /* Players.png in Resources */ = {isa = PBXBuildFile; fileRef = DC206C9119A52E2600E92841 /* Players.png */; };
		DC206CAA19A52E2600E92841 /* Players@2x.png in Resources */ = {isa = PBXBuildFile; fileRef = DC206C9219A52E2600E92841 /* Players@2x.png */; };
		DC3DFCB219A66F14004414EC /* PlayerCell.m in Sources */ = {isa = PBXBuildFile; fileRef = DC3DFCB119A66F14004414EC /* PlayerCell.m */; };
		DCBA1FF319A33D7C0025BCB8 /* Foundation.framework in Frameworks */ = {isa = PBXBuildFile; fileRef = DCBA1FF219A33D7C0025BCB8 /* Foundation.framework */; };
		DCBA1FF519A33D7C0025BCB8 /* CoreGraphics.framework in Frameworks */ = {isa = PBXBuildFile; fileRef = DCBA1FF419A33D7C0025BCB8 /* CoreGraphics.framework */; };
		DCBA1FF719A33D7C0025BCB8 /* UIKit.framework in Frameworks */ = {isa = PBXBuildFile; fileRef = DCBA1FF619A33D7C0025BCB8 /* UIKit.framework */; };
		DCBA1FFD19A33D7C0025BCB8 /* InfoPlist.strings in Resources */ = {isa = PBXBuildFile; fileRef = DCBA1FFB19A33D7C0025BCB8 /* InfoPlist.strings */; };
		DCBA1FFF19A33D7C0025BCB8 /* main.m in Sources */ = {isa = PBXBuildFile; fileRef = DCBA1FFE19A33D7C0025BCB8 /* main.m */; };
		DCBA200319A33D7C0025BCB8 /* JCVAppDelegate.m in Sources */ = {isa = PBXBuildFile; fileRef = DCBA200219A33D7C0025BCB8 /* JCVAppDelegate.m */; };
		DCBA200619A33D7C0025BCB8 /* Main.storyboard in Resources */ = {isa = PBXBuildFile; fileRef = DCBA200419A33D7C0025BCB8 /* Main.storyboard */; };
		DCBA200919A33D7C0025BCB8 /* JCVViewController.m in Sources */ = {isa = PBXBuildFile; fileRef = DCBA200819A33D7C0025BCB8 /* JCVViewController.m */; };
		DCBA200B19A33D7C0025BCB8 /* Images.xcassets in Resources */ = {isa = PBXBuildFile; fileRef = DCBA200A19A33D7C0025BCB8 /* Images.xcassets */; };
		DCBA201219A33D7C0025BCB8 /* XCTest.framework in Frameworks */ = {isa = PBXBuildFile; fileRef = DCBA201119A33D7C0025BCB8 /* XCTest.framework */; };
		DCBA201319A33D7C0025BCB8 /* Foundation.framework in Frameworks */ = {isa = PBXBuildFile; fileRef = DCBA1FF219A33D7C0025BCB8 /* Foundation.framework */; };
		DCBA201419A33D7C0025BCB8 /* UIKit.framework in Frameworks */ = {isa = PBXBuildFile; fileRef = DCBA1FF619A33D7C0025BCB8 /* UIKit.framework */; };
		DCBA201C19A33D7C0025BCB8 /* InfoPlist.strings in Resources */ = {isa = PBXBuildFile; fileRef = DCBA201A19A33D7C0025BCB8 /* InfoPlist.strings */; };
		DCBA201E19A33D7C0025BCB8 /* RatingsTests.m in Sources */ = {isa = PBXBuildFile; fileRef = DCBA201D19A33D7C0025BCB8 /* RatingsTests.m */; };
		DCBA202919A33F850025BCB8 /* PlayersViewController.m in Sources */ = {isa = PBXBuildFile; fileRef = DCBA202819A33F850025BCB8 /* PlayersViewController.m */; };
		DCBA202C19A3405E0025BCB8 /* Player.m in Sources */ = {isa = PBXBuildFile; fileRef = DCBA202B19A3405E0025BCB8 /* Player.m */; };
/* End PBXBuildFile section */

/* Begin PBXContainerItemProxy section */
		DCBA201519A33D7C0025BCB8 /* PBXContainerItemProxy */ = {
			isa = PBXContainerItemProxy;
			containerPortal = DCBA1FE719A33D7C0025BCB8 /* Project object */;
			proxyType = 1;
			remoteGlobalIDString = DCBA1FEE19A33D7C0025BCB8;
			remoteInfo = Ratings;
		};
/* End PBXContainerItemProxy section */

/* Begin PBXFileReference section */
		DC1E7A2B19A67A80007F6F8A /* PlayerDetailsViewController.h */ = {isa = PBXFileReference; fileEncoding = 4; lastKnownFileType = sourcecode.c.h; path = PlayerDetailsViewController.h; sourceTree = "<group>"; };
		DC1E7A2C19A67A80007F6F8A /* PlayerDetailsViewController.m */ = {isa = PBXFileReference; fileEncoding = 4; lastKnownFileType = sourcecode.c.objc; path = PlayerDetailsViewController.m; sourceTree = "<group>"; };
		DC206C7B19A52E2600E92841 /* 1Star.png */ = {isa = PBXFileReference; lastKnownFileType = image.png; path = 1Star.png; sourceTree = "<group>"; };
		DC206C7C19A52E2600E92841 /* 1Star@2x.png */ = {isa = PBXFileReference; lastKnownFileType = image.png; path = "1Star@2x.png"; sourceTree = "<group>"; };
		DC206C7D19A52E2600E92841 /* 1StarSmall.png */ = {isa = PBXFileReference; lastKnownFileType = image.png; path = 1StarSmall.png; sourceTree = "<group>"; };
		DC206C7E19A52E2600E92841 /* 1StarSmall@2x.png */ = {isa = PBXFileReference; lastKnownFileType = image.png; path = "1StarSmall@2x.png"; sourceTree = "<group>"; };
		DC206C7F19A52E2600E92841 /* 2Stars.png */ = {isa = PBXFileReference; lastKnownFileType = image.png; path = 2Stars.png; sourceTree = "<group>"; };
		DC206C8019A52E2600E92841 /* 2Stars@2x.png */ = {isa = PBXFileReference; lastKnownFileType = image.png; path = "2Stars@2x.png"; sourceTree = "<group>"; };
		DC206C8119A52E2600E92841 /* 2StarsSmall.png */ = {isa = PBXFileReference; lastKnownFileType = image.png; path = 2StarsSmall.png; sourceTree = "<group>"; };
		DC206C8219A52E2600E92841 /* 2StarsSmall@2x.png */ = {isa = PBXFileReference; lastKnownFileType = image.png; path = "2StarsSmall@2x.png"; sourceTree = "<group>"; };
		DC206C8319A52E2600E92841 /* 3Stars.png */ = {isa = PBXFileReference; lastKnownFileType = image.png; path = 3Stars.png; sourceTree = "<group>"; };
		DC206C8419A52E2600E92841 /* 3Stars@2x.png */ = {isa = PBXFileReference; lastKnownFileType = image.png; path = "3Stars@2x.png"; sourceTree = "<group>"; };
		DC206C8519A52E2600E92841 /* 3StarsSmall.png */ = {isa = PBXFileReference; lastKnownFileType = image.png; path = 3StarsSmall.png; sourceTree = "<group>"; };
		DC206C8619A52E2600E92841 /* 3StarsSmall@2x.png */ = {isa = PBXFileReference; lastKnownFileType = image.png; path = "3StarsSmall@2x.png"; sourceTree = "<group>"; };
		DC206C8719A52E2600E92841 /* 4Stars.png */ = {isa = PBXFileReference; lastKnownFileType = image.png; path = 4Stars.png; sourceTree = "<group>"; };
		DC206C8819A52E2600E92841 /* 4Stars@2x.png */ = {isa = PBXFileReference; lastKnownFileType = image.png; path = "4Stars@2x.png"; sourceTree = "<group>"; };
		DC206C8919A52E2600E92841 /* 4StarsSmall.png */ = {isa = PBXFileReference; lastKnownFileType = image.png; path = 4StarsSmall.png; sourceTree = "<group>"; };
		DC206C8A19A52E2600E92841 /* 4StarsSmall@2x.png */ = {isa = PBXFileReference; lastKnownFileType = image.png; path = "4StarsSmall@2x.png"; sourceTree = "<group>"; };
		DC206C8B19A52E2600E92841 /* 5Stars.png */ = {isa = PBXFileReference; lastKnownFileType = image.png; path = 5Stars.png; sourceTree = "<group>"; };
		DC206C8C19A52E2600E92841 /* 5Stars@2x.png */ = {isa = PBXFileReference; lastKnownFileType = image.png; path = "5Stars@2x.png"; sourceTree = "<group>"; };
		DC206C8D19A52E2600E92841 /* 5StarsSmall.png */ = {isa = PBXFileReference; lastKnownFileType = image.png; path = 5StarsSmall.png; sourceTree = "<group>"; };
		DC206C8E19A52E2600E92841 /* 5StarsSmall@2x.png */ = {isa = PBXFileReference; lastKnownFileType = image.png; path = "5StarsSmall@2x.png"; sourceTree = "<group>"; };
		DC206C8F19A52E2600E92841 /* Gestures.png */ = {isa = PBXFileReference; lastKnownFileType = image.png; path = Gestures.png; sourceTree = "<group>"; };
		DC206C9019A52E2600E92841 /* Gestures@2x.png */ = {isa = PBXFileReference; lastKnownFileType = image.png; path = "Gestures@2x.png"; sourceTree = "<group>"; };
		DC206C9119A52E2600E92841 /* Players.png */ = {isa = PBXFileReference; lastKnownFileType = image.png; path = Players.png; sourceTree = "<group>"; };
		DC206C9219A52E2600E92841 /* Players@2x.png */ = {isa = PBXFileReference; lastKnownFileType = image.png; path = "Players@2x.png"; sourceTree = "<group>"; };
		DC3DFCB019A66F14004414EC /* PlayerCell.h */ = {isa = PBXFileReference; fileEncoding = 4; lastKnownFileType = sourcecode.c.h; name = PlayerCell.h; path = Ratings/PlayerCell.h; sourceTree = SOURCE_ROOT; };
		DC3DFCB119A66F14004414EC /* PlayerCell.m */ = {isa = PBXFileReference; fileEncoding = 4; lastKnownFileType = sourcecode.c.objc; name = PlayerCell.m; path = Ratings/PlayerCell.m; sourceTree = SOURCE_ROOT; };
		DCBA1FEF19A33D7C0025BCB8 /* Ratings.app */ = {isa = PBXFileReference; explicitFileType = wrapper.application; includeInIndex = 0; path = Ratings.app; sourceTree = BUILT_PRODUCTS_DIR; };
		DCBA1FF219A33D7C0025BCB8 /* Foundation.framework */ = {isa = PBXFileReference; lastKnownFileType = wrapper.framework; name = Foundation.framework; path = System/Library/Frameworks/Foundation.framework; sourceTree = SDKROOT; };
		DCBA1FF419A33D7C0025BCB8 /* CoreGraphics.framework */ = {isa = PBXFileReference; lastKnownFileType = wrapper.framework; name = CoreGraphics.framework; path = System/Library/Frameworks/CoreGraphics.framework; sourceTree = SDKROOT; };
		DCBA1FF619A33D7C0025BCB8 /* UIKit.framework */ = {isa = PBXFileReference; lastKnownFileType = wrapper.framework; name = UIKit.framework; path = System/Library/Frameworks/UIKit.framework; sourceTree = SDKROOT; };
		DCBA1FFA19A33D7C0025BCB8 /* Ratings-Info.plist */ = {isa = PBXFileReference; lastKnownFileType = text.plist.xml; path = "Ratings-Info.plist"; sourceTree = "<group>"; };
		DCBA1FFC19A33D7C0025BCB8 /* en */ = {isa = PBXFileReference; lastKnownFileType = text.plist.strings; name = en; path = en.lproj/InfoPlist.strings; sourceTree = "<group>"; };
		DCBA1FFE19A33D7C0025BCB8 /* main.m */ = {isa = PBXFileReference; lastKnownFileType = sourcecode.c.objc; path = main.m; sourceTree = "<group>"; };
		DCBA200019A33D7C0025BCB8 /* Ratings-Prefix.pch */ = {isa = PBXFileReference; lastKnownFileType = sourcecode.c.h; path = "Ratings-Prefix.pch"; sourceTree = "<group>"; };
		DCBA200119A33D7C0025BCB8 /* JCVAppDelegate.h */ = {isa = PBXFileReference; lastKnownFileType = sourcecode.c.h; path = JCVAppDelegate.h; sourceTree = "<group>"; };
		DCBA200219A33D7C0025BCB8 /* JCVAppDelegate.m */ = {isa = PBXFileReference; lastKnownFileType = sourcecode.c.objc; path = JCVAppDelegate.m; sourceTree = "<group>"; };
		DCBA200519A33D7C0025BCB8 /* Base */ = {isa = PBXFileReference; lastKnownFileType = file.storyboard; name = Base; path = Base.lproj/Main.storyboard; sourceTree = "<group>"; };
		DCBA200719A33D7C0025BCB8 /* JCVViewController.h */ = {isa = PBXFileReference; lastKnownFileType = sourcecode.c.h; path = JCVViewController.h; sourceTree = "<group>"; };
		DCBA200819A33D7C0025BCB8 /* JCVViewController.m */ = {isa = PBXFileReference; lastKnownFileType = sourcecode.c.objc; path = JCVViewController.m; sourceTree = "<group>"; };
		DCBA200A19A33D7C0025BCB8 /* Images.xcassets */ = {isa = PBXFileReference; lastKnownFileType = folder.assetcatalog; path = Images.xcassets; sourceTree = "<group>"; };
		DCBA201019A33D7C0025BCB8 /* RatingsTests.xctest */ = {isa = PBXFileReference; explicitFileType = wrapper.cfbundle; includeInIndex = 0; path = RatingsTests.xctest; sourceTree = BUILT_PRODUCTS_DIR; };
		DCBA201119A33D7C0025BCB8 /* XCTest.framework */ = {isa = PBXFileReference; lastKnownFileType = wrapper.framework; name = XCTest.framework; path = Library/Frameworks/XCTest.framework; sourceTree = DEVELOPER_DIR; };
		DCBA201919A33D7C0025BCB8 /* RatingsTests-Info.plist */ = {isa = PBXFileReference; lastKnownFileType = text.plist.xml; path = "RatingsTests-Info.plist"; sourceTree = "<group>"; };
		DCBA201B19A33D7C0025BCB8 /* en */ = {isa = PBXFileReference; lastKnownFileType = text.plist.strings; name = en; path = en.lproj/InfoPlist.strings; sourceTree = "<group>"; };
		DCBA201D19A33D7C0025BCB8 /* RatingsTests.m */ = {isa = PBXFileReference; lastKnownFileType = sourcecode.c.objc; path = RatingsTests.m; sourceTree = "<group>"; };
		DCBA202719A33F850025BCB8 /* PlayersViewController.h */ = {isa = PBXFileReference; fileEncoding = 4; lastKnownFileType = sourcecode.c.h; path = PlayersViewController.h; sourceTree = "<group>"; };
		DCBA202819A33F850025BCB8 /* PlayersViewController.m */ = {isa = PBXFileReference; fileEncoding = 4; lastKnownFileType = sourcecode.c.objc; path = PlayersViewController.m; sourceTree = "<group>"; };
		DCBA202A19A3405E0025BCB8 /* Player.h */ = {isa = PBXFileReference; fileEncoding = 4; lastKnownFileType = sourcecode.c.h; path = Player.h; sourceTree = "<group>"; };
		DCBA202B19A3405E0025BCB8 /* Player.m */ = {isa = PBXFileReference; fileEncoding = 4; lastKnownFileType = sourcecode.c.objc; path = Player.m; sourceTree = "<group>"; };
/* End PBXFileReference section */

/* Begin PBXFrameworksBuildPhase section */
		DCBA1FEC19A33D7C0025BCB8 /* Frameworks */ = {
			isa = PBXFrameworksBuildPhase;
			buildActionMask = 2147483647;
			files = (
				DCBA1FF519A33D7C0025BCB8 /* CoreGraphics.framework in Frameworks */,
				DCBA1FF719A33D7C0025BCB8 /* UIKit.framework in Frameworks */,
				DCBA1FF319A33D7C0025BCB8 /* Foundation.framework in Frameworks */,
			);
			runOnlyForDeploymentPostprocessing = 0;
		};
		DCBA200D19A33D7C0025BCB8 /* Frameworks */ = {
			isa = PBXFrameworksBuildPhase;
			buildActionMask = 2147483647;
			files = (
				DCBA201219A33D7C0025BCB8 /* XCTest.framework in Frameworks */,
				DCBA201419A33D7C0025BCB8 /* UIKit.framework in Frameworks */,
				DCBA201319A33D7C0025BCB8 /* Foundation.framework in Frameworks */,
			);
			runOnlyForDeploymentPostprocessing = 0;
		};
/* End PBXFrameworksBuildPhase section */

/* Begin PBXGroup section */
		DC206C7A19A52E2600E92841 /* Images */ = {
			isa = PBXGroup;
			children = (
				DC206C7B19A52E2600E92841 /* 1Star.png */,
				DC206C7C19A52E2600E92841 /* 1Star@2x.png */,
				DC206C7D19A52E2600E92841 /* 1StarSmall.png */,
				DC206C7E19A52E2600E92841 /* 1StarSmall@2x.png */,
				DC206C7F19A52E2600E92841 /* 2Stars.png */,
				DC206C8019A52E2600E92841 /* 2Stars@2x.png */,
				DC206C8119A52E2600E92841 /* 2StarsSmall.png */,
				DC206C8219A52E2600E92841 /* 2StarsSmall@2x.png */,
				DC206C8319A52E2600E92841 /* 3Stars.png */,
				DC206C8419A52E2600E92841 /* 3Stars@2x.png */,
				DC206C8519A52E2600E92841 /* 3StarsSmall.png */,
				DC206C8619A52E2600E92841 /* 3StarsSmall@2x.png */,
				DC206C8719A52E2600E92841 /* 4Stars.png */,
				DC206C8819A52E2600E92841 /* 4Stars@2x.png */,
				DC206C8919A52E2600E92841 /* 4StarsSmall.png */,
				DC206C8A19A52E2600E92841 /* 4StarsSmall@2x.png */,
				DC206C8B19A52E2600E92841 /* 5Stars.png */,
				DC206C8C19A52E2600E92841 /* 5Stars@2x.png */,
				DC206C8D19A52E2600E92841 /* 5StarsSmall.png */,
				DC206C8E19A52E2600E92841 /* 5StarsSmall@2x.png */,
				DC206C8F19A52E2600E92841 /* Gestures.png */,
				DC206C9019A52E2600E92841 /* Gestures@2x.png */,
				DC206C9119A52E2600E92841 /* Players.png */,
				DC206C9219A52E2600E92841 /* Players@2x.png */,
			);
			path = Images;
			sourceTree = "<group>";
		};
		DCBA1FE619A33D7C0025BCB8 = {
			isa = PBXGroup;
			children = (
				DCBA1FF819A33D7C0025BCB8 /* Ratings */,
				DCBA201719A33D7C0025BCB8 /* RatingsTests */,
				DCBA1FF119A33D7C0025BCB8 /* Frameworks */,
				DCBA1FF019A33D7C0025BCB8 /* Products */,
			);
			sourceTree = "<group>";
		};
		DCBA1FF019A33D7C0025BCB8 /* Products */ = {
			isa = PBXGroup;
			children = (
				DCBA1FEF19A33D7C0025BCB8 /* Ratings.app */,
				DCBA201019A33D7C0025BCB8 /* RatingsTests.xctest */,
			);
			name = Products;
			sourceTree = "<group>";
		};
		DCBA1FF119A33D7C0025BCB8 /* Frameworks */ = {
			isa = PBXGroup;
			children = (
				DCBA1FF219A33D7C0025BCB8 /* Foundation.framework */,
				DCBA1FF419A33D7C0025BCB8 /* CoreGraphics.framework */,
				DCBA1FF619A33D7C0025BCB8 /* UIKit.framework */,
				DCBA201119A33D7C0025BCB8 /* XCTest.framework */,
			);
			name = Frameworks;
			sourceTree = "<group>";
		};
		DCBA1FF819A33D7C0025BCB8 /* Ratings */ = {
			isa = PBXGroup;
			children = (
				DC1E7A2B19A67A80007F6F8A /* PlayerDetailsViewController.h */,
				DC1E7A2C19A67A80007F6F8A /* PlayerDetailsViewController.m */,
				DC3DFCB019A66F14004414EC /* PlayerCell.h */,
				DC3DFCB119A66F14004414EC /* PlayerCell.m */,
				DCBA200119A33D7C0025BCB8 /* JCVAppDelegate.h */,
				DCBA200219A33D7C0025BCB8 /* JCVAppDelegate.m */,
				DCBA202719A33F850025BCB8 /* PlayersViewController.h */,
				DCBA202819A33F850025BCB8 /* PlayersViewController.m */,
				DCBA202A19A3405E0025BCB8 /* Player.h */,
				DCBA202B19A3405E0025BCB8 /* Player.m */,
				DCBA200419A33D7C0025BCB8 /* Main.storyboard */,
				DCBA200719A33D7C0025BCB8 /* JCVViewController.h */,
				DCBA200819A33D7C0025BCB8 /* JCVViewController.m */,
				DCBA200A19A33D7C0025BCB8 /* Images.xcassets */,
				DC206C7A19A52E2600E92841 /* Images */,
				DCBA1FF919A33D7C0025BCB8 /* Supporting Files */,
			);
			path = Ratings;
			sourceTree = "<group>";
		};
		DCBA1FF919A33D7C0025BCB8 /* Supporting Files */ = {
			isa = PBXGroup;
			children = (
				DCBA1FFA19A33D7C0025BCB8 /* Ratings-Info.plist */,
				DCBA1FFB19A33D7C0025BCB8 /* InfoPlist.strings */,
				DCBA1FFE19A33D7C0025BCB8 /* main.m */,
				DCBA200019A33D7C0025BCB8 /* Ratings-Prefix.pch */,
			);
			name = "Supporting Files";
			sourceTree = "<group>";
		};
		DCBA201719A33D7C0025BCB8 /* RatingsTests */ = {
			isa = PBXGroup;
			children = (
				DCBA201D19A33D7C0025BCB8 /* RatingsTests.m */,
				DCBA201819A33D7C0025BCB8 /* Supporting Files */,
			);
			path = RatingsTests;
			sourceTree = "<group>";
		};
		DCBA201819A33D7C0025BCB8 /* Supporting Files */ = {
			isa = PBXGroup;
			children = (
				DCBA201919A33D7C0025BCB8 /* RatingsTests-Info.plist */,
				DCBA201A19A33D7C0025BCB8 /* InfoPlist.strings */,
			);
			name = "Supporting Files";
			sourceTree = "<group>";
		};
/* End PBXGroup section */

/* Begin PBXNativeTarget section */
		DCBA1FEE19A33D7C0025BCB8 /* Ratings */ = {
			isa = PBXNativeTarget;
			buildConfigurationList = DCBA202119A33D7C0025BCB8 /* Build configuration list for PBXNativeTarget "Ratings" */;
			buildPhases = (
				DCBA1FEB19A33D7C0025BCB8 /* Sources */,
				DCBA1FEC19A33D7C0025BCB8 /* Frameworks */,
				DCBA1FED19A33D7C0025BCB8 /* Resources */,
			);
			buildRules = (
			);
			dependencies = (
			);
			name = Ratings;
			productName = Ratings;
			productReference = DCBA1FEF19A33D7C0025BCB8 /* Ratings.app */;
			productType = "com.apple.product-type.application";
		};
		DCBA200F19A33D7C0025BCB8 /* RatingsTests */ = {
			isa = PBXNativeTarget;
			buildConfigurationList = DCBA202419A33D7C0025BCB8 /* Build configuration list for PBXNativeTarget "RatingsTests" */;
			buildPhases = (
				DCBA200C19A33D7C0025BCB8 /* Sources */,
				DCBA200D19A33D7C0025BCB8 /* Frameworks */,
				DCBA200E19A33D7C0025BCB8 /* Resources */,
			);
			buildRules = (
			);
			dependencies = (
				DCBA201619A33D7C0025BCB8 /* PBXTargetDependency */,
			);
			name = RatingsTests;
			productName = RatingsTests;
			productReference = DCBA201019A33D7C0025BCB8 /* RatingsTests.xctest */;
			productType = "com.apple.product-type.bundle.unit-test";
		};
/* End PBXNativeTarget section */

/* Begin PBXProject section */
		DCBA1FE719A33D7C0025BCB8 /* Project object */ = {
			isa = PBXProject;
			attributes = {
				CLASSPREFIX = JCV;
				LastUpgradeCheck = 0510;
				ORGANIZATIONNAME = "Joe Vasquez";
				TargetAttributes = {
					DCBA200F19A33D7C0025BCB8 = {
						TestTargetID = DCBA1FEE19A33D7C0025BCB8;
					};
				};
			};
			buildConfigurationList = DCBA1FEA19A33D7C0025BCB8 /* Build configuration list for PBXProject "Ratings" */;
			compatibilityVersion = "Xcode 3.2";
			developmentRegion = English;
			hasScannedForEncodings = 0;
			knownRegions = (
				en,
				Base,
			);
			mainGroup = DCBA1FE619A33D7C0025BCB8;
			productRefGroup = DCBA1FF019A33D7C0025BCB8 /* Products */;
			projectDirPath = "";
			projectRoot = "";
			targets = (
				DCBA1FEE19A33D7C0025BCB8 /* Ratings */,
				DCBA200F19A33D7C0025BCB8 /* RatingsTests */,
			);
		};
/* End PBXProject section */

/* Begin PBXResourcesBuildPhase section */
		DCBA1FED19A33D7C0025BCB8 /* Resources */ = {
			isa = PBXResourcesBuildPhase;
			buildActionMask = 2147483647;
			files = (
				DC206C9919A52E2600E92841 /* 2StarsSmall.png in Resources */,
				DC206CA519A52E2600E92841 /* 5StarsSmall.png in Resources */,
				DC206C9819A52E2600E92841 /* 2Stars@2x.png in Resources */,
				DC206CA119A52E2600E92841 /* 4StarsSmall.png in Resources */,
				DC206C9619A52E2600E92841 /* 1StarSmall@2x.png in Resources */,
				DCBA200B19A33D7C0025BCB8 /* Images.xcassets in Resources */,
				DC206CA219A52E2600E92841 /* 4StarsSmall@2x.png in Resources */,
				DCBA1FFD19A33D7C0025BCB8 /* InfoPlist.strings in Resources */,
				DC206CA819A52E2600E92841 /* Gestures@2x.png in Resources */,
				DC206C9B19A52E2600E92841 /* 3Stars.png in Resources */,
				DC206CA719A52E2600E92841 /* Gestures.png in Resources */,
				DCBA200619A33D7C0025BCB8 /* Main.storyboard in Resources */,
				DC206CA919A52E2600E92841 /* Players.png in Resources */,
				DC206C9D19A52E2600E92841 /* 3StarsSmall.png in Resources */,
				DC206C9719A52E2600E92841 /* 2Stars.png in Resources */,
				DC206C9E19A52E2600E92841 /* 3StarsSmall@2x.png in Resources */,
				DC206C9519A52E2600E92841 /* 1StarSmall.png in Resources */,
				DC206C9C19A52E2600E92841 /* 3Stars@2x.png in Resources */,
				DC206CAA19A52E2600E92841 /* Players@2x.png in Resources */,
				DC206C9319A52E2600E92841 /* 1Star.png in Resources */,
				DC206C9A19A52E2600E92841 /* 2StarsSmall@2x.png in Resources */,
				DC206C9F19A52E2600E92841 /* 4Stars.png in Resources */,
				DC206C9419A52E2600E92841 /* 1Star@2x.png in Resources */,
				DC206CA619A52E2600E92841 /* 5StarsSmall@2x.png in Resources */,
				DC206CA019A52E2600E92841 /* 4Stars@2x.png in Resources */,
				DC206CA419A52E2600E92841 /* 5Stars@2x.png in Resources */,
				DC206CA319A52E2600E92841 /* 5Stars.png in Resources */,
			);
			runOnlyForDeploymentPostprocessing = 0;
		};
		DCBA200E19A33D7C0025BCB8 /* Resources */ = {
			isa = PBXResourcesBuildPhase;
			buildActionMask = 2147483647;
			files = (
				DCBA201C19A33D7C0025BCB8 /* InfoPlist.strings in Resources */,
			);
			runOnlyForDeploymentPostprocessing = 0;
		};
/* End PBXResourcesBuildPhase section */

/* Begin PBXSourcesBuildPhase section */
		DCBA1FEB19A33D7C0025BCB8 /* Sources */ = {
			isa = PBXSourcesBuildPhase;
			buildActionMask = 2147483647;
			files = (
				DCBA200319A33D7C0025BCB8 /* JCVAppDelegate.m in Sources */,
				DCBA202919A33F850025BCB8 /* PlayersViewController.m in Sources */,
				DCBA200919A33D7C0025BCB8 /* JCVViewController.m in Sources */,
				DCBA1FFF19A33D7C0025BCB8 /* main.m in Sources */,
				DC3DFCB219A66F14004414EC /* PlayerCell.m in Sources */,
				DCBA202C19A3405E0025BCB8 /* Player.m in Sources */,
				DC1E7A2D19A67A80007F6F8A /* PlayerDetailsViewController.m in Sources */,
			);
			runOnlyForDeploymentPostprocessing = 0;
		};
		DCBA200C19A33D7C0025BCB8 /* Sources */ = {
			isa = PBXSourcesBuildPhase;
			buildActionMask = 2147483647;
			files = (
				DCBA201E19A33D7C0025BCB8 /* RatingsTests.m in Sources */,
			);
			runOnlyForDeploymentPostprocessing = 0;
		};
/* End PBXSourcesBuildPhase section */

/* Begin PBXTargetDependency section */
		DCBA201619A33D7C0025BCB8 /* PBXTargetDependency */ = {
			isa = PBXTargetDependency;
			target = DCBA1FEE19A33D7C0025BCB8 /* Ratings */;
			targetProxy = DCBA201519A33D7C0025BCB8 /* PBXContainerItemProxy */;
		};
/* End PBXTargetDependency section */

/* Begin PBXVariantGroup section */
		DCBA1FFB19A33D7C0025BCB8 /* InfoPlist.strings */ = {
			isa = PBXVariantGroup;
			children = (
				DCBA1FFC19A33D7C0025BCB8 /* en */,
			);
			name = InfoPlist.strings;
			sourceTree = "<group>";
		};
		DCBA200419A33D7C0025BCB8 /* Main.storyboard */ = {
			isa = PBXVariantGroup;
			children = (
				DCBA200519A33D7C0025BCB8 /* Base */,
			);
			name = Main.storyboard;
			sourceTree = "<group>";
		};
		DCBA201A19A33D7C0025BCB8 /* InfoPlist.strings */ = {
			isa = PBXVariantGroup;
			children = (
				DCBA201B19A33D7C0025BCB8 /* en */,
			);
			name = InfoPlist.strings;
			sourceTree = "<group>";
		};
/* End PBXVariantGroup section */

/* Begin XCBuildConfiguration section */
		DCBA201F19A33D7C0025BCB8 /* Debug */ = {
			isa = XCBuildConfiguration;
			buildSettings = {
				ALWAYS_SEARCH_USER_PATHS = NO;
				CLANG_CXX_LANGUAGE_STANDARD = "gnu++0x";
				CLANG_CXX_LIBRARY = "libc++";
				CLANG_ENABLE_MODULES = YES;
				CLANG_ENABLE_OBJC_ARC = YES;
				CLANG_WARN_BOOL_CONVERSION = YES;
				CLANG_WARN_CONSTANT_CONVERSION = YES;
				CLANG_WARN_DIRECT_OBJC_ISA_USAGE = YES_ERROR;
				CLANG_WARN_EMPTY_BODY = YES;
				CLANG_WARN_ENUM_CONVERSION = YES;
				CLANG_WARN_INT_CONVERSION = YES;
				CLANG_WARN_OBJC_ROOT_CLASS = YES_ERROR;
				CLANG_WARN__DUPLICATE_METHOD_MATCH = YES;
				"CODE_SIGN_IDENTITY[sdk=iphoneos*]" = "iPhone Developer";
				COPY_PHASE_STRIP = NO;
				GCC_C_LANGUAGE_STANDARD = gnu99;
				GCC_DYNAMIC_NO_PIC = NO;
				GCC_OPTIMIZATION_LEVEL = 0;
				GCC_PREPROCESSOR_DEFINITIONS = (
					"DEBUG=1",
					"$(inherited)",
				);
				GCC_SYMBOLS_PRIVATE_EXTERN = NO;
				GCC_WARN_64_TO_32_BIT_CONVERSION = YES;
				GCC_WARN_ABOUT_RETURN_TYPE = YES_ERROR;
				GCC_WARN_UNDECLARED_SELECTOR = YES;
				GCC_WARN_UNINITIALIZED_AUTOS = YES_AGGRESSIVE;
				GCC_WARN_UNUSED_FUNCTION = YES;
				GCC_WARN_UNUSED_VARIABLE = YES;
				IPHONEOS_DEPLOYMENT_TARGET = 7.1;
				ONLY_ACTIVE_ARCH = YES;
				SDKROOT = iphoneos;
			};
			name = Debug;
		};
		DCBA202019A33D7C0025BCB8 /* Release */ = {
			isa = XCBuildConfiguration;
			buildSettings = {
				ALWAYS_SEARCH_USER_PATHS = NO;
				CLANG_CXX_LANGUAGE_STANDARD = "gnu++0x";
				CLANG_CXX_LIBRARY = "libc++";
				CLANG_ENABLE_MODULES = YES;
				CLANG_ENABLE_OBJC_ARC = YES;
				CLANG_WARN_BOOL_CONVERSION = YES;
				CLANG_WARN_CONSTANT_CONVERSION = YES;
				CLANG_WARN_DIRECT_OBJC_ISA_USAGE = YES_ERROR;
				CLANG_WARN_EMPTY_BODY = YES;
				CLANG_WARN_ENUM_CONVERSION = YES;
				CLANG_WARN_INT_CONVERSION = YES;
				CLANG_WARN_OBJC_ROOT_CLASS = YES_ERROR;
				CLANG_WARN__DUPLICATE_METHOD_MATCH = YES;
				"CODE_SIGN_IDENTITY[sdk=iphoneos*]" = "iPhone Developer";
				COPY_PHASE_STRIP = YES;
				ENABLE_NS_ASSERTIONS = NO;
				GCC_C_LANGUAGE_STANDARD = gnu99;
				GCC_WARN_64_TO_32_BIT_CONVERSION = YES;
				GCC_WARN_ABOUT_RETURN_TYPE = YES_ERROR;
				GCC_WARN_UNDECLARED_SELECTOR = YES;
				GCC_WARN_UNINITIALIZED_AUTOS = YES_AGGRESSIVE;
				GCC_WARN_UNUSED_FUNCTION = YES;
				GCC_WARN_UNUSED_VARIABLE = YES;
				IPHONEOS_DEPLOYMENT_TARGET = 7.1;
				SDKROOT = iphoneos;
				VALIDATE_PRODUCT = YES;
			};
			name = Release;
		};
		DCBA202219A33D7C0025BCB8 /* Debug */ = {
			isa = XCBuildConfiguration;
			buildSettings = {
				ASSETCATALOG_COMPILER_APPICON_NAME = AppIcon;
				ASSETCATALOG_COMPILER_LAUNCHIMAGE_NAME = LaunchImage;
				GCC_PRECOMPILE_PREFIX_HEADER = YES;
				GCC_PREFIX_HEADER = "Ratings/Ratings-Prefix.pch";
				INFOPLIST_FILE = "Ratings/Ratings-Info.plist";
				PRODUCT_NAME = "$(TARGET_NAME)";
				WRAPPER_EXTENSION = app;
			};
			name = Debug;
		};
		DCBA202319A33D7C0025BCB8 /* Release */ = {
			isa = XCBuildConfiguration;
			buildSettings = {
				ASSETCATALOG_COMPILER_APPICON_NAME = AppIcon;
				ASSETCATALOG_COMPILER_LAUNCHIMAGE_NAME = LaunchImage;
				GCC_PRECOMPILE_PREFIX_HEADER = YES;
				GCC_PREFIX_HEADER = "Ratings/Ratings-Prefix.pch";
				INFOPLIST_FILE = "Ratings/Ratings-Info.plist";
				PRODUCT_NAME = "$(TARGET_NAME)";
				WRAPPER_EXTENSION = app;
			};
			name = Release;
		};
		DCBA202519A33D7C0025BCB8 /* Debug */ = {
			isa = XCBuildConfiguration;
			buildSettings = {
				BUNDLE_LOADER = "$(BUILT_PRODUCTS_DIR)/Ratings.app/Ratings";
				FRAMEWORK_SEARCH_PATHS = (
					"$(SDKROOT)/Developer/Library/Frameworks",
					"$(inherited)",
					"$(DEVELOPER_FRAMEWORKS_DIR)",
				);
				GCC_PRECOMPILE_PREFIX_HEADER = YES;
				GCC_PREFIX_HEADER = "Ratings/Ratings-Prefix.pch";
				GCC_PREPROCESSOR_DEFINITIONS = (
					"DEBUG=1",
					"$(inherited)",
				);
				INFOPLIST_FILE = "RatingsTests/RatingsTests-Info.plist";
				PRODUCT_NAME = "$(TARGET_NAME)";
				TEST_HOST = "$(BUNDLE_LOADER)";
				WRAPPER_EXTENSION = xctest;
			};
			name = Debug;
		};
		DCBA202619A33D7C0025BCB8 /* Release */ = {
			isa = XCBuildConfiguration;
			buildSettings = {
				BUNDLE_LOADER = "$(BUILT_PRODUCTS_DIR)/Ratings.app/Ratings";
				FRAMEWORK_SEARCH_PATHS = (
					"$(SDKROOT)/Developer/Library/Frameworks",
					"$(inherited)",
					"$(DEVELOPER_FRAMEWORKS_DIR)",
				);
				GCC_PRECOMPILE_PREFIX_HEADER = YES;
				GCC_PREFIX_HEADER = "Ratings/Ratings-Prefix.pch";
				INFOPLIST_FILE = "RatingsTests/RatingsTests-Info.plist";
				PRODUCT_NAME = "$(TARGET_NAME)";
				TEST_HOST = "$(BUNDLE_LOADER)";
				WRAPPER_EXTENSION = xctest;
			};
			name = Release;
		};
/* End XCBuildConfiguration section */

/* Begin XCConfigurationList section */
		DCBA1FEA19A33D7C0025BCB8 /* Build configuration list for PBXProject "Ratings" */ = {
			isa = XCConfigurationList;
			buildConfigurations = (
				DCBA201F19A33D7C0025BCB8 /* Debug */,
				DCBA202019A33D7C0025BCB8 /* Release */,
			);
			defaultConfigurationIsVisible = 0;
			defaultConfigurationName = Release;
		};
		DCBA202119A33D7C0025BCB8 /* Build configuration list for PBXNativeTarget "Ratings" */ = {
			isa = XCConfigurationList;
			buildConfigurations = (
				DCBA202219A33D7C0025BCB8 /* Debug */,
				DCBA202319A33D7C0025BCB8 /* Release */,
			);
			defaultConfigurationIsVisible = 0;
			defaultConfigurationName = Release;
		};
		DCBA202419A33D7C0025BCB8 /* Build configuration list for PBXNativeTarget "RatingsTests" */ = {
			isa = XCConfigurationList;
			buildConfigurations = (
				DCBA202519A33D7C0025BCB8 /* Debug */,
				DCBA202619A33D7C0025BCB8 /* Release */,
			);
			defaultConfigurationIsVisible = 0;
			defaultConfigurationName = Release;
		};
/* End XCConfigurationList section */
	};
	rootObject = DCBA1FE719A33D7C0025BCB8 /* Project object */;
}
